{
  "name": "proxy-server",
  "lockfileVersion": 3,
  "requires": true,
  "packages": {
    "": {
      "dependencies": {
        "@google/generative-ai": "^0.17.0"
      }
    },
    "node_modules/@google/generative-ai": {
      "version": "0.17.0",
      "resolved": "https://registry.npmjs.org/@google/generative-ai/-/generative-ai-0.17.0.tgz",
      "integrity": "sha512-HNIrX4x6EY5UPOTTDC5DepBFVluognTXR0MTWLiSVsJmzqdEYxGtz/9NWIknUbPNnPZOu7N1BoA/Ho24aPUh3g==",
      "license": "Apache-2.0",
      "engines": {
        "node": ">=18.0.0"
      }
    }
  }
}
